lockfileVersion: 5.4

importers:

  .:
    specifiers:
      '@swc/core': ^1.3.14
      '@types/node': ^18.11.9
      aws-cdk: ^2.50.0
      aws-cdk-lib: ^2.50.0
      constructs: ^10.1.155
      ts-node: ^10.9.1
      turbo: ^1.6.3
      typescript: ^4.8.4
    dependencies:
      '@swc/core': 1.3.14
      '@types/node': 18.11.9
      aws-cdk: 2.50.0
      aws-cdk-lib: 2.50.0_constructs@10.1.155
      constructs: 10.1.155
      ts-node: 10.9.1_c7vtmw4r5lhzpzjntnohxhujqu
      turbo: 1.6.3
      typescript: 4.8.4

  app:
    specifiers:
      '@internal/handler-post-index': workspace:*
      '@internal/handler-query-index': workspace:*
    dependencies:
      '@internal/handler-post-index': link:../handlers/post-index
      '@internal/handler-query-index': link:../handlers/query-index

  dev-env:
    specifiers: {}

  handlers/post-index:
    specifiers:
      '@internal/pathery-core': workspace:*
    dependencies:
      '@internal/pathery-core': link:../../packages/pathery

  handlers/query-index:
    specifiers:
      '@internal/pathery-core': workspace:*
    dependencies:
      '@internal/pathery-core': link:../../packages/pathery

  packages/pathery:
    specifiers:
      '@internal/dev-env': workspace:*
    dependencies:
      '@internal/dev-env': link:../../dev-env

packages:

  /@balena/dockerignore/1.0.2:
    resolution: {integrity: sha512-wMue2Sy4GAVTk6Ic4tJVcnfdau+gx2EnG7S+uAEe+TWJFqE4YoWN4/H8MSLj4eYJKxGg26lZwboEniNiNwZQ6Q==}
    dev: false

  /@cspotcode/source-map-support/0.8.1:
    resolution: {integrity: sha512-IchNf6dN4tHoMFIn/7OE8LWZ19Y6q/67Bmf6vnGREv8RSbBVb9LPJxEcnwrcwX6ixSvaiGoomAUvu4YSxXrVgw==}
    engines: {node: '>=12'}
    dependencies:
      '@jridgewell/trace-mapping': 0.3.9
    dev: false

  /@jridgewell/resolve-uri/3.1.0:
    resolution: {integrity: sha512-F2msla3tad+Mfht5cJq7LSXcdudKTWCVYUgw6pLFOOHSTtZlj6SWNYAp+AhuqLmWdBO2X5hPrLcu8cVP8fy28w==}
    engines: {node: '>=6.0.0'}
    dev: false

  /@jridgewell/sourcemap-codec/1.4.14:
    resolution: {integrity: sha512-XPSJHWmi394fuUuzDnGz1wiKqWfo1yXecHQMRf2l6hztTO+nPru658AyDngaBe7isIxEkRsPR3FZh+s7iVa4Uw==}
    dev: false

  /@jridgewell/trace-mapping/0.3.9:
    resolution: {integrity: sha512-3Belt6tdc8bPgAtbcmdtNJlirVoTmEb5e2gC94PnkwEW9jI6CAHUeoG85tjWP5WquqfavoMtMwiG4P926ZKKuQ==}
    dependencies:
      '@jridgewell/resolve-uri': 3.1.0
      '@jridgewell/sourcemap-codec': 1.4.14
    dev: false

  /@swc/core-darwin-arm64/1.3.14:
    resolution: {integrity: sha512-QFuUq3341uOCrJMIWGuo+CmRC5qZoM2lUo7o2lmv1FO1Dh9njTG85pLD83vz6y4j/F034DBGzvRgSti/Bsoccw==}
    engines: {node: '>=10'}
    cpu: [arm64]
    os: [darwin]
    requiresBuild: true
    dev: false
    optional: true

  /@swc/core-darwin-x64/1.3.14:
    resolution: {integrity: sha512-fpAjbjXimJBmxCumRB8zjEtPc0lGUi9Uvu92XH6ww6AyXvg7KQmua5P2R9tnzAm6NwTCXKkgS86cgKysAbbObw==}
    engines: {node: '>=10'}
    cpu: [x64]
    os: [darwin]
    requiresBuild: true
    dev: false
    optional: true

  /@swc/core-linux-arm-gnueabihf/1.3.14:
    resolution: {integrity: sha512-3XSFlgIyDPS+x2c0IFr0AGj4NUbrWGKbkkUCpmAURII0n3YoDsYw8Ux73I8MkWxTTwDGkou8qQOXyA28kAUM4w==}
    engines: {node: '>=10'}
    cpu: [arm]
    os: [linux]
    requiresBuild: true
    dev: false
    optional: true

  /@swc/core-linux-arm64-gnu/1.3.14:
    resolution: {integrity: sha512-r3fToDRYX76NEptAjvDg5aGrbitOgqooV37RpSTIGYd/CSNuin4cpCNFdca/Vh5lnNfal7mqdGDbG7gMruARtw==}
    engines: {node: '>=10'}
    cpu: [arm64]
    os: [linux]
    requiresBuild: true
    dev: false
    optional: true

  /@swc/core-linux-arm64-musl/1.3.14:
    resolution: {integrity: sha512-IivEUC+3HNSsQNCfaCDzev2CpsvWpgFReitCmj0PKIdXFRsTi78jtJiraLWnYy956j4wwZbKN0OFGkS2ekKAVg==}
    engines: {node: '>=10'}
    cpu: [arm64]
    os: [linux]
    requiresBuild: true
    dev: false
    optional: true

  /@swc/core-linux-x64-gnu/1.3.14:
    resolution: {integrity: sha512-HtwwA1Z0tE2z9fgaR5ehgY5ULbnVLHj3tayyWhIElF4EWsi6aQfCyn/oCZAcjoPKfEnJiSNBYt5gMmfK8l4mJA==}
    engines: {node: '>=10'}
    cpu: [x64]
    os: [linux]
    requiresBuild: true
    dev: false
    optional: true

  /@swc/core-linux-x64-musl/1.3.14:
    resolution: {integrity: sha512-RPXilkTD8IVgpou4TNuqZJOB7kMrVJ7sm7GgHF4v1eV3xdIyvy4w5FWjXZRdwMW6iunLgQEckuOmVx0I4mrdNg==}
    engines: {node: '>=10'}
    cpu: [x64]
    os: [linux]
    requiresBuild: true
    dev: false
    optional: true

  /@swc/core-win32-arm64-msvc/1.3.14:
    resolution: {integrity: sha512-H8Ka/ahJRs84hQCHC5ndORujbLBmi1mv+Z/m4CXpOaEX7TmeAo8nA17rrRckNvVkud9fghsKQGjkBQvJ0v7mRw==}
    engines: {node: '>=10'}
    cpu: [arm64]
    os: [win32]
    requiresBuild: true
    dev: false
    optional: true

  /@swc/core-win32-ia32-msvc/1.3.14:
    resolution: {integrity: sha512-H3ZmDXrVxrqBzzCFodwYfcXfTHE0xGNLJlLGzJ4haV6RBM3ZYIvRzDtPivDzic/VQncmPj1WpLoEDfx/7KNC8Q==}
    engines: {node: '>=10'}
    cpu: [ia32]
    os: [win32]
    requiresBuild: true
    dev: false
    optional: true

  /@swc/core-win32-x64-msvc/1.3.14:
    resolution: {integrity: sha512-/D1lhWF/DQi2M7b6jWL35NmTY0mRJ5mwTXdmjqNNWOZ8h8TXQo1A3/FDFnfIIcRUeSNdF7IeB3xInT3BI34E1w==}
    engines: {node: '>=10'}
    cpu: [x64]
    os: [win32]
    requiresBuild: true
    dev: false
    optional: true

  /@swc/core/1.3.14:
    resolution: {integrity: sha512-LpTTrXOGS7vnbR/rHrAux7GykUWbyVmI5NbICl9iF9yeqFdGm6JjaGBhbanmG8zrQL5aFx2kMxxb92V9D1KUiw==}
    engines: {node: '>=10'}
    hasBin: true
    requiresBuild: true
    optionalDependencies:
      '@swc/core-darwin-arm64': 1.3.14
      '@swc/core-darwin-x64': 1.3.14
      '@swc/core-linux-arm-gnueabihf': 1.3.14
      '@swc/core-linux-arm64-gnu': 1.3.14
      '@swc/core-linux-arm64-musl': 1.3.14
      '@swc/core-linux-x64-gnu': 1.3.14
      '@swc/core-linux-x64-musl': 1.3.14
      '@swc/core-win32-arm64-msvc': 1.3.14
      '@swc/core-win32-ia32-msvc': 1.3.14
      '@swc/core-win32-x64-msvc': 1.3.14
    dev: false

  /@tsconfig/node10/1.0.9:
    resolution: {integrity: sha512-jNsYVVxU8v5g43Erja32laIDHXeoNvFEpX33OK4d6hljo3jDhCBDhx5dhCCTMWUojscpAagGiRkBKxpdl9fxqA==}
    dev: false

  /@tsconfig/node12/1.0.11:
    resolution: {integrity: sha512-cqefuRsh12pWyGsIoBKJA9luFu3mRxCA+ORZvA4ktLSzIuCUtWVxGIuXigEwO5/ywWFMZ2QEGKWvkZG1zDMTag==}
    dev: false

  /@tsconfig/node14/1.0.3:
    resolution: {integrity: sha512-ysT8mhdixWK6Hw3i1V2AeRqZ5WfXg1G43mqoYlM2nc6388Fq5jcXyr5mRsqViLx/GJYdoL0bfXD8nmF+Zn/Iow==}
    dev: false

  /@tsconfig/node16/1.0.3:
    resolution: {integrity: sha512-yOlFc+7UtL/89t2ZhjPvvB/DeAr3r+Dq58IgzsFkOAvVC6NMJXmCGjbptdXdR9qsX7pKcTL+s87FtYREi2dEEQ==}
    dev: false

  /@types/node/18.11.9:
    resolution: {integrity: sha512-CRpX21/kGdzjOpFsZSkcrXMGIBWMGNIHXXBVFSH+ggkftxg+XYP20TESbh+zFvFj3EQOl5byk0HTRn1IL6hbqg==}
    dev: false

  /acorn-walk/8.2.0:
    resolution: {integrity: sha512-k+iyHEuPgSw6SbuDpGQM+06HQUa04DZ3o+F6CSzXMvvI5KMvnaEqXe+YVe555R9nn6GPt404fos4wcgpw12SDA==}
    engines: {node: '>=0.4.0'}
    dev: false

  /acorn/8.8.1:
    resolution: {integrity: sha512-7zFpHzhnqYKrkYdUjF1HI1bzd0VygEGX8lFk4k5zVMqHEoES+P+7TKI+EvLO9WVMJ8eekdO0aDEK044xTXwPPA==}
    engines: {node: '>=0.4.0'}
    hasBin: true
    dev: false

  /arg/4.1.3:
    resolution: {integrity: sha512-58S9QDqG0Xx27YwPSt9fJxivjYl432YCwfDMfZ+71RAqUrZef7LrKQZ3LHLOwCS4FLNBplP533Zx895SeOCHvA==}
    dev: false

  /at-least-node/1.0.0:
    resolution: {integrity: sha512-+q/t7Ekv1EDY2l6Gda6LLiX14rU9TV20Wa3ofeQmwPFZbOMo9DXrLbOjFaaclkXKWidIaopwAObQDqwWtGUjqg==}
    engines: {node: '>= 4.0.0'}
    dev: false

  /aws-cdk-lib/2.50.0_constructs@10.1.155:
    resolution: {integrity: sha512-deDbZTI7oyu3rqUyqjwhP6tnUO8MD70lE98yR65xiYty4yXBpsWKbeH3s1wNLpLAWS3hWJYyMtjZ4ZfC35NtVg==}
    engines: {node: '>= 14.15.0'}
    peerDependencies:
      constructs: ^10.0.0
    dependencies:
      '@balena/dockerignore': 1.0.2
      case: 1.6.3
      constructs: 10.1.155
      fs-extra: 9.1.0
      ignore: 5.2.0
      jsonschema: 1.4.1
      minimatch: 3.1.2
      punycode: 2.1.1
      semver: 7.3.8
      yaml: 1.10.2
    dev: false
    bundledDependencies:
      - '@balena/dockerignore'
      - case
      - fs-extra
      - ignore
      - jsonschema
      - minimatch
      - punycode
      - semver
      - yaml

  /aws-cdk/2.50.0:
    resolution: {integrity: sha512-55vmKTf2DZRqioumVfXn+S0H9oAbpRK3HFHY8EjZ5ykR5tq2+XiMWEZkYduX2HJhVAeHJJIS6h+Okk3smZjeqw==}
    engines: {node: '>= 14.15.0'}
    hasBin: true
    optionalDependencies:
      fsevents: 2.3.2
    dev: false

  /balanced-match/1.0.2:
    resolution: {integrity: sha512-3oSeUO0TMV67hN1AmbXsK4yaqU7tjiHlbxRDZOpH0KW9+CeX4bRAaX0Anxt0tx2MrpRpWwQaPwIlISEJhYU5Pw==}
    dev: false

  /brace-expansion/1.1.11:
    resolution: {integrity: sha512-iCuPHDFgrHX7H2vEI/5xpz07zSHB00TpugqhmYtVmMO6518mCuRMoOYFldEBl0g187ufozdaHgWKcYFb61qGiA==}
    dependencies:
      balanced-match: 1.0.2
      concat-map: 0.0.1
    dev: false

  /case/1.6.3:
    resolution: {integrity: sha512-mzDSXIPaFwVDvZAHqZ9VlbyF4yyXRuX6IvB06WvPYkqJVO24kX1PPhv9bfpKNFZyxYFmmgo03HUiD8iklmJYRQ==}
    engines: {node: '>= 0.8.0'}
    dev: false

  /concat-map/0.0.1:
    resolution: {integrity: sha512-/Srv4dswyQNBfohGpz9o6Yb3Gz3SrUDqBH5rTuhGR7ahtlbYKnVxw2bCFMRljaA7EXHaXZ8wsHdodFvbkhKmqg==}
    dev: false

  /constructs/10.1.155:
    resolution: {integrity: sha512-AM8HdZ1GQbOLBmnIU5ybyerNeNn9iEZSZZra+2BWuAhyaA+zJb9oxwxD3isM2uxZviB5NHGhZI83plmhOuh29A==}
    engines: {node: '>= 14.17.0'}
    dev: false

  /create-require/1.1.1:
    resolution: {integrity: sha512-dcKFX3jn0MpIaXjisoRvexIJVEKzaq7z2rZKxf+MSr9TkdmHmsU4m2lcLojrj/FHl8mk5VxMmYA+ftRkP/3oKQ==}
    dev: false

  /diff/4.0.2:
    resolution: {integrity: sha512-58lmxKSA4BNyLz+HHMUzlOEpg09FV+ev6ZMe3vJihgdxzgcwZ8VoEEPmALCZG9LmqfVoNMMKpttIYTVG6uDY7A==}
    engines: {node: '>=0.3.1'}
    dev: false

  /fs-extra/9.1.0:
    resolution: {integrity: sha512-hcg3ZmepS30/7BSFqRvoo3DOMQu7IjqxO5nCDt+zM9XWjb33Wg7ziNT+Qvqbuc3+gWpzO02JubVyk2G4Zvo1OQ==}
    engines: {node: '>=10'}
    dependencies:
      at-least-node: 1.0.0
      graceful-fs: 4.2.10
      jsonfile: 6.1.0
      universalify: 2.0.0
    dev: false

  /fsevents/2.3.2:
    resolution: {integrity: sha512-xiqMQR4xAeHTuB9uWm+fFRcIOgKBMiOBP+eXiyT7jsgVCq1bkVygt00oASowB7EdtpOHaaPgKt812P9ab+DDKA==}
    engines: {node: ^8.16.0 || ^10.6.0 || >=11.0.0}
    os: [darwin]
    requiresBuild: true
    dev: false
    optional: true

  /graceful-fs/4.2.10:
    resolution: {integrity: sha512-9ByhssR2fPVsNZj478qUUbKfmL0+t5BDVyjShtyZZLiK7ZDAArFFfopyOTj0M05wE2tJPisA4iTnnXl2YoPvOA==}
    dev: false

  /ignore/5.2.0:
    resolution: {integrity: sha512-CmxgYGiEPCLhfLnpPp1MoRmifwEIOgjcHXxOBjv7mY96c+eWScsOP9c112ZyLdWHi0FxHjI+4uVhKYp/gcdRmQ==}
    engines: {node: '>= 4'}
    dev: false

  /jsonfile/6.1.0:
    resolution: {integrity: sha512-5dgndWOriYSm5cnYaJNhalLNDKOqFwyDB/rr1E9ZsGciGvKPs8R2xYGCacuf3z6K1YKDz182fd+fY3cn3pMqXQ==}
    dependencies:
      universalify: 2.0.0
    optionalDependencies:
      graceful-fs: 4.2.10
    dev: false

  /jsonschema/1.4.1:
    resolution: {integrity: sha512-S6cATIPVv1z0IlxdN+zUk5EPjkGCdnhN4wVSBlvoUO1tOLJootbo9CquNJmbIh4yikWHiUedhRYrNPn1arpEmQ==}
    dev: false

  /lru-cache/6.0.0:
    resolution: {integrity: sha512-Jo6dJ04CmSjuznwJSS3pUeWmd/H0ffTlkXXgwZi+eq1UCmqQwCh+eLsYOYCwY991i2Fah4h1BEMCx4qThGbsiA==}
    engines: {node: '>=10'}
    dependencies:
      yallist: 4.0.0
    dev: false

  /make-error/1.3.6:
    resolution: {integrity: sha512-s8UhlNe7vPKomQhC1qFelMokr/Sc3AgNbso3n74mVPA5LTZwkB9NlXf4XPamLxJE8h0gh73rM94xvwRT2CVInw==}
    dev: false

  /minimatch/3.1.2:
    resolution: {integrity: sha512-J7p63hRiAjw1NDEww1W7i37+ByIrOWO5XQQAzZ3VOcL0PNybwpfmV/N05zFAzwQ9USyEcX6t3UO+K5aqBQOIHw==}
    dependencies:
      brace-expansion: 1.1.11
    dev: false

  /punycode/2.1.1:
    resolution: {integrity: sha512-XRsRjdf+j5ml+y/6GKHPZbrF/8p2Yga0JPtdqTIY2Xe5ohJPD9saDJJLPvp9+NSBprVvevdXZybnj2cv8OEd0A==}
    engines: {node: '>=6'}
    dev: false

  /semver/7.3.8:
    resolution: {integrity: sha512-NB1ctGL5rlHrPJtFDVIVzTyQylMLu9N9VICA6HSFJo8MCGVTMW6gfpicwKmmK/dAjTOrqu5l63JJOpDSrAis3A==}
    engines: {node: '>=10'}
    hasBin: true
    dependencies:
      lru-cache: 6.0.0
    dev: false

  /ts-node/10.9.1_c7vtmw4r5lhzpzjntnohxhujqu:
    resolution: {integrity: sha512-NtVysVPkxxrwFGUUxGYhfux8k78pQB3JqYBXlLRZgdGUqTO5wU/UyHop5p70iEbGhB7q5KmiZiU0Y3KlJrScEw==}
    hasBin: true
    peerDependencies:
      '@swc/core': '>=1.2.50'
      '@swc/wasm': '>=1.2.50'
      '@types/node': '*'
      typescript: '>=2.7'
    peerDependenciesMeta:
      '@swc/core':
        optional: true
      '@swc/wasm':
        optional: true
    dependencies:
      '@cspotcode/source-map-support': 0.8.1
      '@swc/core': 1.3.14
      '@tsconfig/node10': 1.0.9
      '@tsconfig/node12': 1.0.11
      '@tsconfig/node14': 1.0.3
      '@tsconfig/node16': 1.0.3
      '@types/node': 18.11.9
      acorn: 8.8.1
      acorn-walk: 8.2.0
      arg: 4.1.3
      create-require: 1.1.1
      diff: 4.0.2
      make-error: 1.3.6
      typescript: 4.8.4
      v8-compile-cache-lib: 3.0.1
      yn: 3.1.1
    dev: false

  /turbo-darwin-64/1.6.3:
    resolution: {integrity: sha512-QmDIX0Yh1wYQl0bUS0gGWwNxpJwrzZU2GIAYt3aOKoirWA2ecnyb3R6ludcS1znfNV2MfunP+l8E3ncxUHwtjA==}
    cpu: [x64]
    os: [darwin]
    requiresBuild: true
    dev: false
    optional: true

  /turbo-darwin-arm64/1.6.3:
    resolution: {integrity: sha512-75DXhFpwE7CinBbtxTxH08EcWrxYSPFow3NaeFwsG8aymkWXF+U2aukYHJA6I12n9/dGqf7yRXzkF0S/9UtdyQ==}
    cpu: [arm64]
    os: [darwin]
    requiresBuild: true
    dev: false
    optional: true

  /turbo-linux-64/1.6.3:
    resolution: {integrity: sha512-O9uc6J0yoRPWdPg9THRQi69K6E2iZ98cRHNvus05lZbcPzZTxJYkYGb5iagCmCW/pq6fL4T4oLWAd6evg2LGQA==}
    cpu: [x64]
    os: [linux]
    requiresBuild: true
    dev: false
    optional: true

  /turbo-linux-arm64/1.6.3:
    resolution: {integrity: sha512-dCy667qqEtZIhulsRTe8hhWQNCJO0i20uHXv7KjLHuFZGCeMbWxB8rsneRoY+blf8+QNqGuXQJxak7ayjHLxiA==}
    cpu: [arm64]
    os: [linux]
    requiresBuild: true
    dev: false
    optional: true

  /turbo-windows-64/1.6.3:
    resolution: {integrity: sha512-lKRqwL3mrVF09b9KySSaOwetehmGknV9EcQTF7d2dxngGYYX1WXoQLjFP9YYH8ZV07oPm+RUOAKSCQuDuMNhiA==}
    cpu: [x64]
    os: [win32]
    requiresBuild: true
    dev: false
    optional: true

  /turbo-windows-arm64/1.6.3:
    resolution: {integrity: sha512-BXY1sDPEA1DgPwuENvDCD8B7Hb0toscjus941WpL8CVd10hg9pk/MWn9CNgwDO5Q9ks0mw+liDv2EMnleEjeNA==}
    cpu: [arm64]
    os: [win32]
    requiresBuild: true
    dev: false
    optional: true

  /turbo/1.6.3:
    resolution: {integrity: sha512-FtfhJLmEEtHveGxW4Ye/QuY85AnZ2ZNVgkTBswoap7UMHB1+oI4diHPNyqrQLG4K1UFtCkjOlVoLsllUh/9QRw==}
    hasBin: true
    requiresBuild: true
    optionalDependencies:
      turbo-darwin-64: 1.6.3
      turbo-darwin-arm64: 1.6.3
      turbo-linux-64: 1.6.3
      turbo-linux-arm64: 1.6.3
      turbo-windows-64: 1.6.3
      turbo-windows-arm64: 1.6.3
    dev: false

  /typescript/4.8.4:
    resolution: {integrity: sha512-QCh+85mCy+h0IGff8r5XWzOVSbBO+KfeYrMQh7NJ58QujwcE22u+NUSmUxqF+un70P9GXKxa2HCNiTTMJknyjQ==}
    engines: {node: '>=4.2.0'}
    hasBin: true
    dev: false

  /universalify/2.0.0:
    resolution: {integrity: sha512-hAZsKq7Yy11Zu1DE0OzWjw7nnLZmJZYTDZZyEFHZdUhV8FkH5MCfoU1XMaxXovpyW5nq5scPqq0ZDP9Zyl04oQ==}
    engines: {node: '>= 10.0.0'}
    dev: false

  /v8-compile-cache-lib/3.0.1:
    resolution: {integrity: sha512-wa7YjyUGfNZngI/vtK0UHAN+lgDCxBPCylVXGp0zu59Fz5aiGtNXaq3DhIov063MorB+VfufLh3JlF2KdTK3xg==}
    dev: false

  /yallist/4.0.0:
    resolution: {integrity: sha512-3wdGidZyq5PB084XLES5TpOSRA3wjXAlIWMhum2kRcv/41Sn2emQ0dycQW4uZXLejwKvg6EsvbdlVL+FYEct7A==}
    dev: false

  /yaml/1.10.2:
    resolution: {integrity: sha512-r3vXyErRCYJ7wg28yvBY5VSoAF8ZvlcW9/BwUzEtUsjvX/DKs24dIkuwjtuprwJJHsbyUbLApepYTR1BN4uHrg==}
    engines: {node: '>= 6'}
    dev: false

  /yn/3.1.1:
    resolution: {integrity: sha512-Ux4ygGWsu2c7isFWe8Yu1YluJmqVhxqK2cLXNQA5AcC3QfbGNpM7fu0Y8b/z16pXLnFxZYvWhd3fhBY9DLmC6Q==}
    engines: {node: '>=6'}
    dev: false
